<Solution>
  <Folder Name="/src/">
    <Project Path="src/CrmCopilot.Contracts/CrmCopilot.Contracts.csproj" />
    <Project Path="src/CrmCopilot.McpServer/CrmCopilot.McpServer.csproj" />
    <Project Path="src/CrmCopilot.MockCrmApi/CrmCopilot.MockCrmApi.csproj" />
    <Project Path="src/CrmCopilot.Web/CrmCopilot.Web.csproj" />
  </Folder>
  <Folder Name="/tests/">
    <Project Path="tests/CrmCopilot.Tests/CrmCopilot.Tests.csproj" />
  </Folder>
</Solution>
